
Microsoft Visual Studio Solution File, Format Version 12.00
# Visual Studio 15
VisualStudioVersion = 15.0.28010.2036
MinimumVisualStudioVersion = 10.0.40219.1
Project("{8BC9CEB8-8B4A-11D0-8D11-00A0C91BC942}") = "Pure pursuit simulation", "Pure pursuit simulation.vcxproj", "{21C5136A-953D-468C-ABAD-AF61DFD646EE}"
EndProject
Global
	GlobalSection(SolutionConfigurationPlatforms) = preSolution
		Debug|x64 = Debug|x64
		Debug|x86 = Debug|x86
		Release|x64 = Release|x64
		Release|x86 = Release|x86
	EndGlobalSection
	GlobalSection(ProjectConfigurationPlatforms) = postSolution
		{21C5136A-953D-468C-ABAD-AF61DFD646EE}.Debug|x64.ActiveCfg = Debug|x64
		{21C5136A-953D-468C-ABAD-AF61DFD646EE}.Debug|x64.Build.0 = Debug|x64
		{21C5136A-953D-468C-ABAD-AF61DFD646EE}.Debug|x86.ActiveCfg = Debug|Win32
		{21C5136A-953D-468C-ABAD-AF61DFD646EE}.Debug|x86.Build.0 = Debug|Win32
		{21C5136A-953D-468C-ABAD-AF61DFD646EE}.Release|x64.ActiveCfg = Release|x64
		{21C5136A-953D-468C-ABAD-AF61DFD646EE}.Release|x64.Build.0 = Release|x64
		{21C5136A-953D-468C-ABAD-AF61DFD646EE}.Release|x86.ActiveCfg = Release|Win32
		{21C5136A-953D-468C-ABAD-AF61DFD646EE}.Release|x86.Build.0 = Release|Win32
	EndGlobalSection
	GlobalSection(SolutionProperties) = preSolution
		HideSolutionNode = FALSE
	EndGlobalSection
	GlobalSection(ExtensibilityGlobals) = postSolution
		SolutionGuid = {631F161D-8290-41D7-9234-A26883EE59B4}
	EndGlobalSection
EndGlobal
